<Solution>
  <Folder Name="/src/">
    <Project Path="src/RaceTelemetry.AgentApi/RaceTelemetry.AgentApi.csproj" />
    <Project Path="src/RaceTelemetry.Agent/RaceTelemetry.Agent.csproj" />
    <Project Path="src/RaceTelemetry.AppHost/RaceTelemetry.AppHost.csproj" />
    <Project Path="src/RaceTelemetry.Contracts/RaceTelemetry.Contracts.csproj" />
    <Project Path="src/RaceTelemetry.Data/RaceTelemetry.Data.csproj" />
    <Project Path="src/RaceTelemetry.Desktop/RaceTelemetry.Desktop.csproj" />
    <Project Path="src/RaceTelemetry.McpServer/RaceTelemetry.McpServer.csproj" />
    <Project Path="src/RaceTelemetry.QueryApi/RaceTelemetry.QueryApi.csproj" />
    <Project Path="src/RaceTelemetry.ServiceDefaults/RaceTelemetry.ServiceDefaults.csproj" />
    <Project Path="src/RaceTelemetry.UiKit/RaceTelemetry.UiKit.csproj" />
    <Project Path="src/RaceTelemetry.UiHarness/RaceTelemetry.UiHarness.csproj" />
  </Folder>
  <Folder Name="/tests/">
    <Project Path="tests/RaceTelemetry.AgentApi.Tests/RaceTelemetry.AgentApi.Tests.csproj" />
    <Project Path="tests/RaceTelemetry.IntegrationTests/RaceTelemetry.IntegrationTests.csproj" />
    <Project Path="tests/RaceTelemetry.McpServer.Tests/RaceTelemetry.McpServer.Tests.csproj" />
  </Folder>
</Solution>
